
Microsoft Visual Studio Solution File, Format Version 12.00
# Visual Studio Version 17
VisualStudioVersion = 17.7.34024.191
MinimumVisualStudioVersion = 10.0.40219.1
Project("{FAE04EC0-301F-11D3-BF4B-00C04F79EFBC}") = "PhoneNumbersLib", "PhoneNumbersLib.csproj", "{3F306DCD-154B-4685-A173-36BE94A6FDA4}"
EndProject
Global
	GlobalSection(SolutionConfigurationPlatforms) = preSolution
		Debug|Any CPU = Debug|Any CPU
		Release|Any CPU = Release|Any CPU
	EndGlobalSection
	GlobalSection(ProjectConfigurationPlatforms) = postSolution
		{3F306DCD-154B-4685-A173-36BE94A6FDA4}.Debug|Any CPU.ActiveCfg = Debug|Any CPU
		{3F306DCD-154B-4685-A173-36BE94A6FDA4}.Debug|Any CPU.Build.0 = Debug|Any CPU
		{3F306DCD-154B-4685-A173-36BE94A6FDA4}.Release|Any CPU.ActiveCfg = Release|Any CPU
		{3F306DCD-154B-4685-A173-36BE94A6FDA4}.Release|Any CPU.Build.0 = Release|Any CPU
	EndGlobalSection
	GlobalSection(SolutionProperties) = preSolution
		HideSolutionNode = FALSE
	EndGlobalSection
	GlobalSection(ExtensibilityGlobals) = postSolution
		SolutionGuid = {0171AFC5-7B3F-4475-B39B-8F14B9D1A80A}
	EndGlobalSection
EndGlobal
